
Microsoft Visual Studio Solution File, Format Version 12.00
# Visual Studio Version 16
VisualStudioVersion = 16.0.30804.86
MinimumVisualStudioVersion = 10.0.40219.1
Project("{FAE04EC0-301F-11D3-BF4B-00C04F79EFBC}") = "ProbabilityCalculator", "ProbabilityCalculator\ProbabilityCalculator.csproj", "{9CA6C1B6-67D6-4CD7-9058-A91EC471AAF8}"
EndProject
Project("{FAE04EC0-301F-11D3-BF4B-00C04F79EFBC}") = "ProbabilityCalculator.UnitTests", "ProbabilityCalculator.UnitTests\ProbabilityCalculator.UnitTests.csproj", "{2936F507-FD23-4025-B6F4-1D0AAB85A844}"
EndProject
Global
	GlobalSection(SolutionConfigurationPlatforms) = preSolution
		Debug|Any CPU = Debug|Any CPU
		Release|Any CPU = Release|Any CPU
	EndGlobalSection
	GlobalSection(ProjectConfigurationPlatforms) = postSolution
		{9CA6C1B6-67D6-4CD7-9058-A91EC471AAF8}.Debug|Any CPU.ActiveCfg = Debug|Any CPU
		{9CA6C1B6-67D6-4CD7-9058-A91EC471AAF8}.Debug|Any CPU.Build.0 = Debug|Any CPU
		{9CA6C1B6-67D6-4CD7-9058-A91EC471AAF8}.Release|Any CPU.ActiveCfg = Release|Any CPU
		{9CA6C1B6-67D6-4CD7-9058-A91EC471AAF8}.Release|Any CPU.Build.0 = Release|Any CPU
		{2936F507-FD23-4025-B6F4-1D0AAB85A844}.Debug|Any CPU.ActiveCfg = Debug|Any CPU
		{2936F507-FD23-4025-B6F4-1D0AAB85A844}.Debug|Any CPU.Build.0 = Debug|Any CPU
		{2936F507-FD23-4025-B6F4-1D0AAB85A844}.Release|Any CPU.ActiveCfg = Release|Any CPU
		{2936F507-FD23-4025-B6F4-1D0AAB85A844}.Release|Any CPU.Build.0 = Release|Any CPU
	EndGlobalSection
	GlobalSection(SolutionProperties) = preSolution
		HideSolutionNode = FALSE
	EndGlobalSection
	GlobalSection(ExtensibilityGlobals) = postSolution
		SolutionGuid = {BCA1DF6C-2469-42DE-B635-01B524171285}
	EndGlobalSection
EndGlobal
